
Microsoft Visual Studio Solution File, Format Version 12.00
# Visual Studio 15
VisualStudioVersion = 15.0.27004.2005
MinimumVisualStudioVersion = 10.0.40219.1
Project("{FAE04EC0-301F-11D3-BF4B-00C04F79EFBC}") = "WebApplication1", "WebApplication1\WebApplication1.csproj", "{A0E97A17-62DD-4143-9158-EF195BD1E620}"
EndProject
Global
	GlobalSection(SolutionConfigurationPlatforms) = preSolution
		Debug|Any CPU = Debug|Any CPU
		Release|Any CPU = Release|Any CPU
	EndGlobalSection
	GlobalSection(ProjectConfigurationPlatforms) = postSolution
		{A0E97A17-62DD-4143-9158-EF195BD1E620}.Debug|Any CPU.ActiveCfg = Debug|Any CPU
		{A0E97A17-62DD-4143-9158-EF195BD1E620}.Debug|Any CPU.Build.0 = Debug|Any CPU
		{A0E97A17-62DD-4143-9158-EF195BD1E620}.Release|Any CPU.ActiveCfg = Release|Any CPU
		{A0E97A17-62DD-4143-9158-EF195BD1E620}.Release|Any CPU.Build.0 = Release|Any CPU
	EndGlobalSection
	GlobalSection(SolutionProperties) = preSolution
		HideSolutionNode = FALSE
	EndGlobalSection
	GlobalSection(ExtensibilityGlobals) = postSolution
		SolutionGuid = {4FA09531-FB91-44FA-8B10-0E58525E9A82}
	EndGlobalSection
EndGlobal
